// !$*UTF8*$!
{
	archiveVersion = 1;
	classes = {
	};
	objectVersion = 46;
	objects = {

/* Begin PBXBuildFile section */
		0B934AF918C9289700570221 /* Foundation.framework in Frameworks */ = {isa = PBXBuildFile; fileRef = 0B934AF818C9289700570221 /* Foundation.framework */; };
		0B934AFB18C9289700570221 /* CoreGraphics.framework in Frameworks */ = {isa = PBXBuildFile; fileRef = 0B934AFA18C9289700570221 /* CoreGraphics.framework */; };
		0B934AFD18C9289700570221 /* UIKit.framework in Frameworks */ = {isa = PBXBuildFile; fileRef = 0B934AFC18C9289700570221 /* UIKit.framework */; };
		0B934B0318C9289700570221 /* InfoPlist.strings in Resources */ = {isa = PBXBuildFile; fileRef = 0B934B0118C9289700570221 /* InfoPlist.strings */; };
		0B934B0518C9289700570221 /* main.m in Sources */ = {isa = PBXBuildFile; fileRef = 0B934B0418C9289700570221 /* main.m */; };
		0B934B0918C9289700570221 /* MESAppDelegate.m in Sources */ = {isa = PBXBuildFile; fileRef = 0B934B0818C9289700570221 /* MESAppDelegate.m */; };
		0B934B0C18C9289700570221 /* Main.storyboard in Resources */ = {isa = PBXBuildFile; fileRef = 0B934B0A18C9289700570221 /* Main.storyboard */; };
		0B934B0F18C9289700570221 /* MESViewController.m in Sources */ = {isa = PBXBuildFile; fileRef = 0B934B0E18C9289700570221 /* MESViewController.m */; };
		0B934B1118C9289700570221 /* Images.xcassets in Resources */ = {isa = PBXBuildFile; fileRef = 0B934B1018C9289700570221 /* Images.xcassets */; };
		0B934B1818C9289700570221 /* XCTest.framework in Frameworks */ = {isa = PBXBuildFile; fileRef = 0B934B1718C9289700570221 /* XCTest.framework */; };
		0B934B1918C9289700570221 /* Foundation.framework in Frameworks */ = {isa = PBXBuildFile; fileRef = 0B934AF818C9289700570221 /* Foundation.framework */; };
		0B934B1A18C9289700570221 /* UIKit.framework in Frameworks */ = {isa = PBXBuildFile; fileRef = 0B934AFC18C9289700570221 /* UIKit.framework */; };
		0B934B2218C9289700570221 /* InfoPlist.strings in Resources */ = {isa = PBXBuildFile; fileRef = 0B934B2018C9289700570221 /* InfoPlist.strings */; };
		0B934B2418C9289700570221 /* PopoverDemoTests.m in Sources */ = {isa = PBXBuildFile; fileRef = 0B934B2318C9289700570221 /* PopoverDemoTests.m */; };
/* End PBXBuildFile section */

/* Begin PBXContainerItemProxy section */
		0B934B1B18C9289700570221 /* PBXContainerItemProxy */ = {
			isa = PBXContainerItemProxy;
			containerPortal = 0B934AED18C9289700570221 /* Project object */;
			proxyType = 1;
			remoteGlobalIDString = 0B934AF418C9289700570221;
			remoteInfo = PopoverDemo;
		};
/* End PBXContainerItemProxy section */

/* Begin PBXFileReference section */
		0B934AF518C9289700570221 /* PopoverDemo.app */ = {isa = PBXFileReference; explicitFileType = wrapper.application; includeInIndex = 0; path = PopoverDemo.app; sourceTree = BUILT_PRODUCTS_DIR; };
		0B934AF818C9289700570221 /* Foundation.framework */ = {isa = PBXFileReference; lastKnownFileType = wrapper.framework; name = Foundation.framework; path = System/Library/Frameworks/Foundation.framework; sourceTree = SDKROOT; };
		0B934AFA18C9289700570221 /* CoreGraphics.framework */ = {isa = PBXFileReference; lastKnownFileType = wrapper.framework; name = CoreGraphics.framework; path = System/Library/Frameworks/CoreGraphics.framework; sourceTree = SDKROOT; };
		0B934AFC18C9289700570221 /* UIKit.framework */ = {isa = PBXFileReference; lastKnownFileType = wrapper.framework; name = UIKit.framework; path = System/Library/Frameworks/UIKit.framework; sourceTree = SDKROOT; };
		0B934B0018C9289700570221 /* PopoverDemo-Info.plist */ = {isa = PBXFileReference; lastKnownFileType = text.plist.xml; path = "PopoverDemo-Info.plist"; sourceTree = "<group>"; };
		0B934B0218C9289700570221 /* en */ = {isa = PBXFileReference; lastKnownFileType = text.plist.strings; name = en; path = en.lproj/InfoPlist.strings; sourceTree = "<group>"; };
		0B934B0418C9289700570221 /* main.m */ = {isa = PBXFileReference; lastKnownFileType = sourcecode.c.objc; path = main.m; sourceTree = "<group>"; };
		0B934B0618C9289700570221 /* PopoverDemo-Prefix.pch */ = {isa = PBXFileReference; lastKnownFileType = sourcecode.c.h; path = "PopoverDemo-Prefix.pch"; sourceTree = "<group>"; };
		0B934B0718C9289700570221 /* MESAppDelegate.h */ = {isa = PBXFileReference; lastKnownFileType = sourcecode.c.h; path = MESAppDelegate.h; sourceTree = "<group>"; };
		0B934B0818C9289700570221 /* MESAppDelegate.m */ = {isa = PBXFileReference; lastKnownFileType = sourcecode.c.objc; path = MESAppDelegate.m; sourceTree = "<group>"; };
		0B934B0B18C9289700570221 /* Base */ = {isa = PBXFileReference; lastKnownFileType = file.storyboard; name = Base; path = Base.lproj/Main.storyboard; sourceTree = "<group>"; };
		0B934B0D18C9289700570221 /* MESViewController.h */ = {isa = PBXFileReference; lastKnownFileType = sourcecode.c.h; path = MESViewController.h; sourceTree = "<group>"; };
		0B934B0E18C9289700570221 /* MESViewController.m */ = {isa = PBXFileReference; lastKnownFileType = sourcecode.c.objc; path = MESViewController.m; sourceTree = "<group>"; };
		0B934B1018C9289700570221 /* Images.xcassets */ = {isa = PBXFileReference; lastKnownFileType = folder.assetcatalog; path = Images.xcassets; sourceTree = "<group>"; };
		0B934B1618C9289700570221 /* PopoverDemoTests.xctest */ = {isa = PBXFileReference; explicitFileType = wrapper.cfbundle; includeInIndex = 0; path = PopoverDemoTests.xctest; sourceTree = BUILT_PRODUCTS_DIR; };
		0B934B1718C9289700570221 /* XCTest.framework */ = {isa = PBXFileReference; lastKnownFileType = wrapper.framework; name = XCTest.framework; path = Library/Frameworks/XCTest.framework; sourceTree = DEVELOPER_DIR; };
		0B934B1F18C9289700570221 /* PopoverDemoTests-Info.plist */ = {isa = PBXFileReference; lastKnownFileType = text.plist.xml; path = "PopoverDemoTests-Info.plist"; sourceTree = "<group>"; };
		0B934B2118C9289700570221 /* en */ = {isa = PBXFileReference; lastKnownFileType = text.plist.strings; name = en; path = en.lproj/InfoPlist.strings; sourceTree = "<group>"; };
		0B934B2318C9289700570221 /* PopoverDemoTests.m */ = {isa = PBXFileReference; lastKnownFileType = sourcecode.c.objc; path = PopoverDemoTests.m; sourceTree = "<group>"; };
/* End PBXFileReference section */

/* Begin PBXFrameworksBuildPhase section */
		0B934AF218C9289700570221 /* Frameworks */ = {
			isa = PBXFrameworksBuildPhase;
			buildActionMask = 2147483647;
			files = (
				0B934AFB18C9289700570221 /* CoreGraphics.framework in Frameworks */,
				0B934AFD18C9289700570221 /* UIKit.framework in Frameworks */,
				0B934AF918C9289700570221 /* Foundation.framework in Frameworks */,
			);
			runOnlyForDeploymentPostprocessing = 0;
		};
		0B934B1318C9289700570221 /* Frameworks */ = {
			isa = PBXFrameworksBuildPhase;
			buildActionMask = 2147483647;
			files = (
				0B934B1818C9289700570221 /* XCTest.framework in Frameworks */,
				0B934B1A18C9289700570221 /* UIKit.framework in Frameworks */,
				0B934B1918C9289700570221 /* Foundation.framework in Frameworks */,
			);
			runOnlyForDeploymentPostprocessing = 0;
		};
/* End PBXFrameworksBuildPhase section */

/* Begin PBXGroup section */
		0B934AEC18C9289700570221 = {
			isa = PBXGroup;
			children = (
				0B934AFE18C9289700570221 /* PopoverDemo */,
				0B934B1D18C9289700570221 /* PopoverDemoTests */,
				0B934AF718C9289700570221 /* Frameworks */,
				0B934AF618C9289700570221 /* Products */,
			);
			sourceTree = "<group>";
		};
		0B934AF618C9289700570221 /* Products */ = {
			isa = PBXGroup;
			children = (
				0B934AF518C9289700570221 /* PopoverDemo.app */,
				0B934B1618C9289700570221 /* PopoverDemoTests.xctest */,
			);
			name = Products;
			sourceTree = "<group>";
		};
		0B934AF718C9289700570221 /* Frameworks */ = {
			isa = PBXGroup;
			children = (
				0B934AF818C9289700570221 /* Foundation.framework */,
				0B934AFA18C9289700570221 /* CoreGraphics.framework */,
				0B934AFC18C9289700570221 /* UIKit.framework */,
				0B934B1718C9289700570221 /* XCTest.framework */,
			);
			name = Frameworks;
			sourceTree = "<group>";
		};
		0B934AFE18C9289700570221 /* PopoverDemo */ = {
			isa = PBXGroup;
			children = (
				0B934B0718C9289700570221 /* MESAppDelegate.h */,
				0B934B0818C9289700570221 /* MESAppDelegate.m */,
				0B934B0A18C9289700570221 /* Main.storyboard */,
				0B934B0D18C9289700570221 /* MESViewController.h */,
				0B934B0E18C9289700570221 /* MESViewController.m */,
				0B934B1018C9289700570221 /* Images.xcassets */,
				0B934AFF18C9289700570221 /* Supporting Files */,
			);
			path = PopoverDemo;
			sourceTree = "<group>";
		};
		0B934AFF18C9289700570221 /* Supporting Files */ = {
			isa = PBXGroup;
			children = (
				0B934B0018C9289700570221 /* PopoverDemo-Info.plist */,
				0B934B0118C9289700570221 /* InfoPlist.strings */,
				0B934B0418C9289700570221 /* main.m */,
				0B934B0618C9289700570221 /* PopoverDemo-Prefix.pch */,
			);
			name = "Supporting Files";
			sourceTree = "<group>";
		};
		0B934B1D18C9289700570221 /* PopoverDemoTests */ = {
			isa = PBXGroup;
			children = (
				0B934B2318C9289700570221 /* PopoverDemoTests.m */,
				0B934B1E18C9289700570221 /* Supporting Files */,
			);
			path = PopoverDemoTests;
			sourceTree = "<group>";
		};
		0B934B1E18C9289700570221 /* Supporting Files */ = {
			isa = PBXGroup;
			children = (
				0B934B1F18C9289700570221 /* PopoverDemoTests-Info.plist */,
				0B934B2018C9289700570221 /* InfoPlist.strings */,
			);
			name = "Supporting Files";
			sourceTree = "<group>";
		};
/* End PBXGroup section */

/* Begin PBXNativeTarget section */
		0B934AF418C9289700570221 /* PopoverDemo */ = {
			isa = PBXNativeTarget;
			buildConfigurationList = 0B934B2718C9289700570221 /* Build configuration list for PBXNativeTarget "PopoverDemo" */;
			buildPhases = (
				0B934AF118C9289700570221 /* Sources */,
				0B934AF218C9289700570221 /* Frameworks */,
				0B934AF318C9289700570221 /* Resources */,
			);
			buildRules = (
			);
			dependencies = (
			);
			name = PopoverDemo;
			productName = PopoverDemo;
			productReference = 0B934AF518C9289700570221 /* PopoverDemo.app */;
			productType = "com.apple.product-type.application";
		};
		0B934B1518C9289700570221 /* PopoverDemoTests */ = {
			isa = PBXNativeTarget;
			buildConfigurationList = 0B934B2A18C9289700570221 /* Build configuration list for PBXNativeTarget "PopoverDemoTests" */;
			buildPhases = (
				0B934B1218C9289700570221 /* Sources */,
				0B934B1318C9289700570221 /* Frameworks */,
				0B934B1418C9289700570221 /* Resources */,
			);
			buildRules = (
			);
			dependencies = (
				0B934B1C18C9289700570221 /* PBXTargetDependency */,
			);
			name = PopoverDemoTests;
			productName = PopoverDemoTests;
			productReference = 0B934B1618C9289700570221 /* PopoverDemoTests.xctest */;
			productType = "com.apple.product-type.bundle.unit-test";
		};
/* End PBXNativeTarget section */

/* Begin PBXProject section */
		0B934AED18C9289700570221 /* Project object */ = {
			isa = PBXProject;
			attributes = {
				CLASSPREFIX = MES;
				LastUpgradeCheck = 0500;
				ORGANIZATIONNAME = MakeEatSee;
				TargetAttributes = {
					0B934B1518C9289700570221 = {
						TestTargetID = 0B934AF418C9289700570221;
					};
				};
			};
			buildConfigurationList = 0B934AF018C9289700570221 /* Build configuration list for PBXProject "PopoverDemo" */;
			compatibilityVersion = "Xcode 3.2";
			developmentRegion = English;
			hasScannedForEncodings = 0;
			knownRegions = (
				en,
				Base,
			);
			mainGroup = 0B934AEC18C9289700570221;
			productRefGroup = 0B934AF618C9289700570221 /* Products */;
			projectDirPath = "";
			projectRoot = "";
			targets = (
				0B934AF418C9289700570221 /* PopoverDemo */,
				0B934B1518C9289700570221 /* PopoverDemoTests */,
			);
		};
/* End PBXProject section */

/* Begin PBXResourcesBuildPhase section */
		0B934AF318C9289700570221 /* Resources */ = {
			isa = PBXResourcesBuildPhase;
			buildActionMask = 2147483647;
			files = (
				0B934B1118C9289700570221 /* Images.xcassets in Resources */,
				0B934B0318C9289700570221 /* InfoPlist.strings in Resources */,
				0B934B0C18C9289700570221 /* Main.storyboard in Resources */,
			);
			runOnlyForDeploymentPostprocessing = 0;
		};
		0B934B1418C9289700570221 /* Resources */ = {
			isa = PBXResourcesBuildPhase;
			buildActionMask = 2147483647;
			files = (
				0B934B2218C9289700570221 /* InfoPlist.strings in Resources */,
			);
			runOnlyForDeploymentPostprocessing = 0;
		};
/* End PBXResourcesBuildPhase section */

/* Begin PBXSourcesBuildPhase section */
		0B934AF118C9289700570221 /* Sources */ = {
			isa = PBXSourcesBuildPhase;
			buildActionMask = 2147483647;
			files = (
				0B934B0918C9289700570221 /* MESAppDelegate.m in Sources */,
				0B934B0F18C9289700570221 /* MESViewController.m in Sources */,
				0B934B0518C9289700570221 /* main.m in Sources */,
			);
			runOnlyForDeploymentPostprocessing = 0;
		};
		0B934B1218C9289700570221 /* Sources */ = {
			isa = PBXSourcesBuildPhase;
			buildActionMask = 2147483647;
			files = (
				0B934B2418C9289700570221 /* PopoverDemoTests.m in Sources */,
			);
			runOnlyForDeploymentPostprocessing = 0;
		};
/* End PBXSourcesBuildPhase section */

/* Begin PBXTargetDependency section */
		0B934B1C18C9289700570221 /* PBXTargetDependency */ = {
			isa = PBXTargetDependency;
			target = 0B934AF418C9289700570221 /* PopoverDemo */;
			targetProxy = 0B934B1B18C9289700570221 /* PBXContainerItemProxy */;
		};
/* End PBXTargetDependency section */

/* Begin PBXVariantGroup section */
		0B934B0118C9289700570221 /* InfoPlist.strings */ = {
			isa = PBXVariantGroup;
			children = (
				0B934B0218C9289700570221 /* en */,
			);
			name = InfoPlist.strings;
			sourceTree = "<group>";
		};
		0B934B0A18C9289700570221 /* Main.storyboard */ = {
			isa = PBXVariantGroup;
			children = (
				0B934B0B18C9289700570221 /* Base */,
			);
			name = Main.storyboard;
			sourceTree = "<group>";
		};
		0B934B2018C9289700570221 /* InfoPlist.strings */ = {
			isa = PBXVariantGroup;
			children = (
				0B934B2118C9289700570221 /* en */,
			);
			name = InfoPlist.strings;
			sourceTree = "<group>";
		};
/* End PBXVariantGroup section */

/* Begin XCBuildConfiguration section */
		0B934B2518C9289700570221 /* Debug */ = {
			isa = XCBuildConfiguration;
			buildSettings = {
				ALWAYS_SEARCH_USER_PATHS = NO;
				ARCHS = "$(ARCHS_STANDARD_INCLUDING_64_BIT)";
				CLANG_CXX_LANGUAGE_STANDARD = "gnu++0x";
				CLANG_CXX_LIBRARY = "libc++";
				CLANG_ENABLE_MODULES = YES;
				CLANG_ENABLE_OBJC_ARC = YES;
				CLANG_WARN_BOOL_CONVERSION = YES;
				CLANG_WARN_CONSTANT_CONVERSION = YES;
				CLANG_WARN_DIRECT_OBJC_ISA_USAGE = YES_ERROR;
				CLANG_WARN_EMPTY_BODY = YES;
				CLANG_WARN_ENUM_CONVERSION = YES;
				CLANG_WARN_INT_CONVERSION = YES;
				CLANG_WARN_OBJC_ROOT_CLASS = YES_ERROR;
				CLANG_WARN__DUPLICATE_METHOD_MATCH = YES;
				"CODE_SIGN_IDENTITY[sdk=iphoneos*]" = "iPhone Developer";
				COPY_PHASE_STRIP = NO;
				GCC_C_LANGUAGE_STANDARD = gnu99;
				GCC_DYNAMIC_NO_PIC = NO;
				GCC_OPTIMIZATION_LEVEL = 0;
				GCC_PREPROCESSOR_DEFINITIONS = (
					"DEBUG=1",
					"$(inherited)",
				);
				GCC_SYMBOLS_PRIVATE_EXTERN = NO;
				GCC_WARN_64_TO_32_BIT_CONVERSION = YES;
				GCC_WARN_ABOUT_RETURN_TYPE = YES_ERROR;
				GCC_WARN_UNDECLARED_SELECTOR = YES;
				GCC_WARN_UNINITIALIZED_AUTOS = YES;
				GCC_WARN_UNUSED_FUNCTION = YES;
				GCC_WARN_UNUSED_VARIABLE = YES;
				IPHONEOS_DEPLOYMENT_TARGET = 7.0;
				ONLY_ACTIVE_ARCH = YES;
				SDKROOT = iphoneos;
				TARGETED_DEVICE_FAMILY = 2;
			};
			name = Debug;
		};
		0B934B2618C9289700570221 /* Release */ = {
			isa = XCBuildConfiguration;
			buildSettings = {
				ALWAYS_SEARCH_USER_PATHS = NO;
				ARCHS = "$(ARCHS_STANDARD_INCLUDING_64_BIT)";
				CLANG_CXX_LANGUAGE_STANDARD = "gnu++0x";
				CLANG_CXX_LIBRARY = "libc++";
				CLANG_ENABLE_MODULES = YES;
				CLANG_ENABLE_OBJC_ARC = YES;
				CLANG_WARN_BOOL_CONVERSION = YES;
				CLANG_WARN_CONSTANT_CONVERSION = YES;
				CLANG_WARN_DIRECT_OBJC_ISA_USAGE = YES_ERROR;
				CLANG_WARN_EMPTY_BODY = YES;
				CLANG_WARN_ENUM_CONVERSION = YES;
				CLANG_WARN_INT_CONVERSION = YES;
				CLANG_WARN_OBJC_ROOT_CLASS = YES_ERROR;
				CLANG_WARN__DUPLICATE_METHOD_MATCH = YES;
				"CODE_SIGN_IDENTITY[sdk=iphoneos*]" = "iPhone Developer";
				COPY_PHASE_STRIP = YES;
				ENABLE_NS_ASSERTIONS = NO;
				GCC_C_LANGUAGE_STANDARD = gnu99;
				GCC_WARN_64_TO_32_BIT_CONVERSION = YES;
				GCC_WARN_ABOUT_RETURN_TYPE = YES_ERROR;
				GCC_WARN_UNDECLARED_SELECTOR = YES;
				GCC_WARN_UNINITIALIZED_AUTOS = YES;
				GCC_WARN_UNUSED_FUNCTION = YES;
				GCC_WARN_UNUSED_VARIABLE = YES;
				IPHONEOS_DEPLOYMENT_TARGET = 7.0;
				SDKROOT = iphoneos;
				TARGETED_DEVICE_FAMILY = 2;
				VALIDATE_PRODUCT = YES;
			};
			name = Release;
		};
		0B934B2818C9289700570221 /* Debug */ = {
			isa = XCBuildConfiguration;
			buildSettings = {
				ASSETCATALOG_COMPILER_APPICON_NAME = AppIcon;
				ASSETCATALOG_COMPILER_LAUNCHIMAGE_NAME = LaunchImage;
				GCC_PRECOMPILE_PREFIX_HEADER = YES;
				GCC_PREFIX_HEADER = "PopoverDemo/PopoverDemo-Prefix.pch";
				INFOPLIST_FILE = "PopoverDemo/PopoverDemo-Info.plist";
				PRODUCT_NAME = "$(TARGET_NAME)";
				WRAPPER_EXTENSION = app;
			};
			name = Debug;
		};
		0B934B2918C9289700570221 /* Release */ = {
			isa = XCBuildConfiguration;
			buildSettings = {
				ASSETCATALOG_COMPILER_APPICON_NAME = AppIcon;
				ASSETCATALOG_COMPILER_LAUNCHIMAGE_NAME = LaunchImage;
				GCC_PRECOMPILE_PREFIX_HEADER = YES;
				GCC_PREFIX_HEADER = "PopoverDemo/PopoverDemo-Prefix.pch";
				INFOPLIST_FILE = "PopoverDemo/PopoverDemo-Info.plist";
				PRODUCT_NAME = "$(TARGET_NAME)";
				WRAPPER_EXTENSION = app;
			};
			name = Release;
		};
		0B934B2B18C9289700570221 /* Debug */ = {
			isa = XCBuildConfiguration;
			buildSettings = {
				ARCHS = "$(ARCHS_STANDARD_INCLUDING_64_BIT)";
				BUNDLE_LOADER = "$(BUILT_PRODUCTS_DIR)/PopoverDemo.app/PopoverDemo";
				FRAMEWORK_SEARCH_PATHS = (
					"$(SDKROOT)/Developer/Library/Frameworks",
					"$(inherited)",
					"$(DEVELOPER_FRAMEWORKS_DIR)",
				);
				GCC_PRECOMPILE_PREFIX_HEADER = YES;
				GCC_PREFIX_HEADER = "PopoverDemo/PopoverDemo-Prefix.pch";
				GCC_PREPROCESSOR_DEFINITIONS = (
					"DEBUG=1",
					"$(inherited)",
				);
				INFOPLIST_FILE = "PopoverDemoTests/PopoverDemoTests-Info.plist";
				PRODUCT_NAME = "$(TARGET_NAME)";
				TEST_HOST = "$(BUNDLE_LOADER)";
				WRAPPER_EXTENSION = xctest;
			};
			name = Debug;
		};
		0B934B2C18C9289700570221 /* Release */ = {
			isa = XCBuildConfiguration;
			buildSettings = {
				ARCHS = "$(ARCHS_STANDARD_INCLUDING_64_BIT)";
				BUNDLE_LOADER = "$(BUILT_PRODUCTS_DIR)/PopoverDemo.app/PopoverDemo";
				FRAMEWORK_SEARCH_PATHS = (
					"$(SDKROOT)/Developer/Library/Frameworks",
					"$(inherited)",
					"$(DEVELOPER_FRAMEWORKS_DIR)",
				);
				GCC_PRECOMPILE_PREFIX_HEADER = YES;
				GCC_PREFIX_HEADER = "PopoverDemo/PopoverDemo-Prefix.pch";
				INFOPLIST_FILE = "PopoverDemoTests/PopoverDemoTests-Info.plist";
				PRODUCT_NAME = "$(TARGET_NAME)";
				TEST_HOST = "$(BUNDLE_LOADER)";
				WRAPPER_EXTENSION = xctest;
			};
			name = Release;
		};
/* End XCBuildConfiguration section */

/* Begin XCConfigurationList section */
		0B934AF018C9289700570221 /* Build configuration list for PBXProject "PopoverDemo" */ = {
			isa = XCConfigurationList;
			buildConfigurations = (
				0B934B2518C9289700570221 /* Debug */,
				0B934B2618C9289700570221 /* Release */,
			);
			defaultConfigurationIsVisible = 0;
			defaultConfigurationName = Release;
		};
		0B934B2718C9289700570221 /* Build configuration list for PBXNativeTarget "PopoverDemo" */ = {
			isa = XCConfigurationList;
			buildConfigurations = (
				0B934B2818C9289700570221 /* Debug */,
				0B934B2918C9289700570221 /* Release */,
			);
			defaultConfigurationIsVisible = 0;
		};
		0B934B2A18C9289700570221 /* Build configuration list for PBXNativeTarget "PopoverDemoTests" */ = {
			isa = XCConfigurationList;
			buildConfigurations = (
				0B934B2B18C9289700570221 /* Debug */,
				0B934B2C18C9289700570221 /* Release */,
			);
			defaultConfigurationIsVisible = 0;
		};
/* End XCConfigurationList section */
	};
	rootObject = 0B934AED18C9289700570221 /* Project object */;
}
